// !$*UTF8*$!
{
	archiveVersion = 1;
	classes = {
	};
	objectVersion = 55;
	objects = {

/* Begin PBXBuildFile section */
		C3F2A4012898B93700210348 /* AppDelegate.swift in Sources */ = {isa = PBXBuildFile; fileRef = C3F2A4002898B93700210348 /* AppDelegate.swift */; };
		C3F2A4032898B93700210348 /* SceneDelegate.swift in Sources */ = {isa = PBXBuildFile; fileRef = C3F2A4022898B93700210348 /* SceneDelegate.swift */; };
		C3F2A4052898B93700210348 /* ViewController.swift in Sources */ = {isa = PBXBuildFile; fileRef = C3F2A4042898B93700210348 /* ViewController.swift */; };
		C3F2A4082898B93700210348 /* Main.storyboard in Resources */ = {isa = PBXBuildFile; fileRef = C3F2A4062898B93700210348 /* Main.storyboard */; };
		C3F2A40A2898B93D00210348 /* Assets.xcassets in Resources */ = {isa = PBXBuildFile; fileRef = C3F2A4092898B93D00210348 /* Assets.xcassets */; };
		C3F2A40D2898B93D00210348 /* LaunchScreen.storyboard in Resources */ = {isa = PBXBuildFile; fileRef = C3F2A40B2898B93D00210348 /* LaunchScreen.storyboard */; };
		C3F2A4182898B93D00210348 /* Tip_calculatorTests.swift in Sources */ = {isa = PBXBuildFile; fileRef = C3F2A4172898B93D00210348 /* Tip_calculatorTests.swift */; };
		C3F2A4222898B93D00210348 /* Tip_calculatorUITests.swift in Sources */ = {isa = PBXBuildFile; fileRef = C3F2A4212898B93D00210348 /* Tip_calculatorUITests.swift */; };
		C3F2A4242898B93D00210348 /* Tip_calculatorUITestsLaunchTests.swift in Sources */ = {isa = PBXBuildFile; fileRef = C3F2A4232898B93D00210348 /* Tip_calculatorUITestsLaunchTests.swift */; };
/* End PBXBuildFile section */

/* Begin PBXContainerItemProxy section */
		C3F2A4142898B93D00210348 /* PBXContainerItemProxy */ = {
			isa = PBXContainerItemProxy;
			containerPortal = C3F2A3F52898B93700210348 /* Project object */;
			proxyType = 1;
			remoteGlobalIDString = C3F2A3FC2898B93700210348;
			remoteInfo = "Tip calculator";
		};
		C3F2A41E2898B93D00210348 /* PBXContainerItemProxy */ = {
			isa = PBXContainerItemProxy;
			containerPortal = C3F2A3F52898B93700210348 /* Project object */;
			proxyType = 1;
			remoteGlobalIDString = C3F2A3FC2898B93700210348;
			remoteInfo = "Tip calculator";
		};
/* End PBXContainerItemProxy section */

/* Begin PBXFileReference section */
		C3F2A3FD2898B93700210348 /* Tip calculator.app */ = {isa = PBXFileReference; explicitFileType = wrapper.application; includeInIndex = 0; path = "Tip calculator.app"; sourceTree = BUILT_PRODUCTS_DIR; };
		C3F2A4002898B93700210348 /* AppDelegate.swift */ = {isa = PBXFileReference; lastKnownFileType = sourcecode.swift; path = AppDelegate.swift; sourceTree = "<group>"; };
		C3F2A4022898B93700210348 /* SceneDelegate.swift */ = {isa = PBXFileReference; lastKnownFileType = sourcecode.swift; path = SceneDelegate.swift; sourceTree = "<group>"; };
		C3F2A4042898B93700210348 /* ViewController.swift */ = {isa = PBXFileReference; lastKnownFileType = sourcecode.swift; path = ViewController.swift; sourceTree = "<group>"; };
		C3F2A4072898B93700210348 /* Base */ = {isa = PBXFileReference; lastKnownFileType = file.storyboard; name = Base; path = Base.lproj/Main.storyboard; sourceTree = "<group>"; };
		C3F2A4092898B93D00210348 /* Assets.xcassets */ = {isa = PBXFileReference; lastKnownFileType = folder.assetcatalog; path = Assets.xcassets; sourceTree = "<group>"; };
		C3F2A40C2898B93D00210348 /* Base */ = {isa = PBXFileReference; lastKnownFileType = file.storyboard; name = Base; path = Base.lproj/LaunchScreen.storyboard; sourceTree = "<group>"; };
		C3F2A40E2898B93D00210348 /* Info.plist */ = {isa = PBXFileReference; lastKnownFileType = text.plist.xml; path = Info.plist; sourceTree = "<group>"; };
		C3F2A4132898B93D00210348 /* Tip calculatorTests.xctest */ = {isa = PBXFileReference; explicitFileType = wrapper.cfbundle; includeInIndex = 0; path = "Tip calculatorTests.xctest"; sourceTree = BUILT_PRODUCTS_DIR; };
		C3F2A4172898B93D00210348 /* Tip_calculatorTests.swift */ = {isa = PBXFileReference; lastKnownFileType = sourcecode.swift; path = Tip_calculatorTests.swift; sourceTree = "<group>"; };
		C3F2A41D2898B93D00210348 /* Tip calculatorUITests.xctest */ = {isa = PBXFileReference; explicitFileType = wrapper.cfbundle; includeInIndex = 0; path = "Tip calculatorUITests.xctest"; sourceTree = BUILT_PRODUCTS_DIR; };
		C3F2A4212898B93D00210348 /* Tip_calculatorUITests.swift */ = {isa = PBXFileReference; lastKnownFileType = sourcecode.swift; path = Tip_calculatorUITests.swift; sourceTree = "<group>"; };
		C3F2A4232898B93D00210348 /* Tip_calculatorUITestsLaunchTests.swift */ = {isa = PBXFileReference; lastKnownFileType = sourcecode.swift; path = Tip_calculatorUITestsLaunchTests.swift; sourceTree = "<group>"; };
/* End PBXFileReference section */

/* Begin PBXFrameworksBuildPhase section */
		C3F2A3FA2898B93700210348 /* Frameworks */ = {
			isa = PBXFrameworksBuildPhase;
			buildActionMask = 2147483647;
			files = (
			);
			runOnlyForDeploymentPostprocessing = 0;
		};
		C3F2A4102898B93D00210348 /* Frameworks */ = {
			isa = PBXFrameworksBuildPhase;
			buildActionMask = 2147483647;
			files = (
			);
			runOnlyForDeploymentPostprocessing = 0;
		};
		C3F2A41A2898B93D00210348 /* Frameworks */ = {
			isa = PBXFrameworksBuildPhase;
			buildActionMask = 2147483647;
			files = (
			);
			runOnlyForDeploymentPostprocessing = 0;
		};
/* End PBXFrameworksBuildPhase section */

/* Begin PBXGroup section */
		C3F2A3F42898B93700210348 = {
			isa = PBXGroup;
			children = (
				C3F2A3FF2898B93700210348 /* Tip calculator */,
				C3F2A4162898B93D00210348 /* Tip calculatorTests */,
				C3F2A4202898B93D00210348 /* Tip calculatorUITests */,
				C3F2A3FE2898B93700210348 /* Products */,
			);
			sourceTree = "<group>";
		};
		C3F2A3FE2898B93700210348 /* Products */ = {
			isa = PBXGroup;
			children = (
				C3F2A3FD2898B93700210348 /* Tip calculator.app */,
				C3F2A4132898B93D00210348 /* Tip calculatorTests.xctest */,
				C3F2A41D2898B93D00210348 /* Tip calculatorUITests.xctest */,
			);
			name = Products;
			sourceTree = "<group>";
		};
		C3F2A3FF2898B93700210348 /* Tip calculator */ = {
			isa = PBXGroup;
			children = (
				C3F2A4002898B93700210348 /* AppDelegate.swift */,
				C3F2A4022898B93700210348 /* SceneDelegate.swift */,
				C3F2A4042898B93700210348 /* ViewController.swift */,
				C3F2A4062898B93700210348 /* Main.storyboard */,
				C3F2A4092898B93D00210348 /* Assets.xcassets */,
				C3F2A40B2898B93D00210348 /* LaunchScreen.storyboard */,
				C3F2A40E2898B93D00210348 /* Info.plist */,
			);
			path = "Tip calculator";
			sourceTree = "<group>";
		};
		C3F2A4162898B93D00210348 /* Tip calculatorTests */ = {
			isa = PBXGroup;
			children = (
				C3F2A4172898B93D00210348 /* Tip_calculatorTests.swift */,
			);
			path = "Tip calculatorTests";
			sourceTree = "<group>";
		};
		C3F2A4202898B93D00210348 /* Tip calculatorUITests */ = {
			isa = PBXGroup;
			children = (
				C3F2A4212898B93D00210348 /* Tip_calculatorUITests.swift */,
				C3F2A4232898B93D00210348 /* Tip_calculatorUITestsLaunchTests.swift */,
			);
			path = "Tip calculatorUITests";
			sourceTree = "<group>";
		};
/* End PBXGroup section */

/* Begin PBXNativeTarget section */
		C3F2A3FC2898B93700210348 /* Tip calculator */ = {
			isa = PBXNativeTarget;
			buildConfigurationList = C3F2A4272898B93D00210348 /* Build configuration list for PBXNativeTarget "Tip calculator" */;
			buildPhases = (
				C3F2A3F92898B93700210348 /* Sources */,
				C3F2A3FA2898B93700210348 /* Frameworks */,
				C3F2A3FB2898B93700210348 /* Resources */,
			);
			buildRules = (
			);
			dependencies = (
			);
			name = "Tip calculator";
			productName = "Tip calculator";
			productReference = C3F2A3FD2898B93700210348 /* Tip calculator.app */;
			productType = "com.apple.product-type.application";
		};
		C3F2A4122898B93D00210348 /* Tip calculatorTests */ = {
			isa = PBXNativeTarget;
			buildConfigurationList = C3F2A42A2898B93D00210348 /* Build configuration list for PBXNativeTarget "Tip calculatorTests" */;
			buildPhases = (
				C3F2A40F2898B93D00210348 /* Sources */,
				C3F2A4102898B93D00210348 /* Frameworks */,
				C3F2A4112898B93D00210348 /* Resources */,
			);
			buildRules = (
			);
			dependencies = (
				C3F2A4152898B93D00210348 /* PBXTargetDependency */,
			);
			name = "Tip calculatorTests";
			productName = "Tip calculatorTests";
			productReference = C3F2A4132898B93D00210348 /* Tip calculatorTests.xctest */;
			productType = "com.apple.product-type.bundle.unit-test";
		};
		C3F2A41C2898B93D00210348 /* Tip calculatorUITests */ = {
			isa = PBXNativeTarget;
			buildConfigurationList = C3F2A42D2898B93D00210348 /* Build configuration list for PBXNativeTarget "Tip calculatorUITests" */;
			buildPhases = (
				C3F2A4192898B93D00210348 /* Sources */,
				C3F2A41A2898B93D00210348 /* Frameworks */,
				C3F2A41B2898B93D00210348 /* Resources */,
			);
			buildRules = (
			);
			dependencies = (
				C3F2A41F2898B93D00210348 /* PBXTargetDependency */,
			);
			name = "Tip calculatorUITests";
			productName = "Tip calculatorUITests";
			productReference = C3F2A41D2898B93D00210348 /* Tip calculatorUITests.xctest */;
			productType = "com.apple.product-type.bundle.ui-testing";
		};
/* End PBXNativeTarget section */

/* Begin PBXProject section */
		C3F2A3F52898B93700210348 /* Project object */ = {
			isa = PBXProject;
			attributes = {
				BuildIndependentTargetsInParallel = 1;
				LastSwiftUpdateCheck = 1340;
				LastUpgradeCheck = 1340;
				TargetAttributes = {
					C3F2A3FC2898B93700210348 = {
						CreatedOnToolsVersion = 13.4.1;
					};
					C3F2A4122898B93D00210348 = {
						CreatedOnToolsVersion = 13.4.1;
						TestTargetID = C3F2A3FC2898B93700210348;
					};
					C3F2A41C2898B93D00210348 = {
						CreatedOnToolsVersion = 13.4.1;
						TestTargetID = C3F2A3FC2898B93700210348;
					};
				};
			};
			buildConfigurationList = C3F2A3F82898B93700210348 /* Build configuration list for PBXProject "Tip calculator" */;
			compatibilityVersion = "Xcode 13.0";
			developmentRegion = en;
			hasScannedForEncodings = 0;
			knownRegions = (
				en,
				Base,
			);
			mainGroup = C3F2A3F42898B93700210348;
			productRefGroup = C3F2A3FE2898B93700210348 /* Products */;
			projectDirPath = "";
			projectRoot = "";
			targets = (
				C3F2A3FC2898B93700210348 /* Tip calculator */,
				C3F2A4122898B93D00210348 /* Tip calculatorTests */,
				C3F2A41C2898B93D00210348 /* Tip calculatorUITests */,
			);
		};
/* End PBXProject section */

/* Begin PBXResourcesBuildPhase section */
		C3F2A3FB2898B93700210348 /* Resources */ = {
			isa = PBXResourcesBuildPhase;
			buildActionMask = 2147483647;
			files = (
				C3F2A40D2898B93D00210348 /* LaunchScreen.storyboard in Resources */,
				C3F2A40A2898B93D00210348 /* Assets.xcassets in Resources */,
				C3F2A4082898B93700210348 /* Main.storyboard in Resources */,
			);
			runOnlyForDeploymentPostprocessing = 0;
		};
		C3F2A4112898B93D00210348 /* Resources */ = {
			isa = PBXResourcesBuildPhase;
			buildActionMask = 2147483647;
			files = (
			);
			runOnlyForDeploymentPostprocessing = 0;
		};
		C3F2A41B2898B93D00210348 /* Resources */ = {
			isa = PBXResourcesBuildPhase;
			buildActionMask = 2147483647;
			files = (
			);
			runOnlyForDeploymentPostprocessing = 0;
		};
/* End PBXResourcesBuildPhase section */

/* Begin PBXSourcesBuildPhase section */
		C3F2A3F92898B93700210348 /* Sources */ = {
			isa = PBXSourcesBuildPhase;
			buildActionMask = 2147483647;
			files = (
				C3F2A4052898B93700210348 /* ViewController.swift in Sources */,
				C3F2A4012898B93700210348 /* AppDelegate.swift in Sources */,
				C3F2A4032898B93700210348 /* SceneDelegate.swift in Sources */,
			);
			runOnlyForDeploymentPostprocessing = 0;
		};
		C3F2A40F2898B93D00210348 /* Sources */ = {
			isa = PBXSourcesBuildPhase;
			buildActionMask = 2147483647;
			files = (
				C3F2A4182898B93D00210348 /* Tip_calculatorTests.swift in Sources */,
			);
			runOnlyForDeploymentPostprocessing = 0;
		};
		C3F2A4192898B93D00210348 /* Sources */ = {
			isa = PBXSourcesBuildPhase;
			buildActionMask = 2147483647;
			files = (
				C3F2A4242898B93D00210348 /* Tip_calculatorUITestsLaunchTests.swift in Sources */,
				C3F2A4222898B93D00210348 /* Tip_calculatorUITests.swift in Sources */,
			);
			runOnlyForDeploymentPostprocessing = 0;
		};
/* End PBXSourcesBuildPhase section */

/* Begin PBXTargetDependency section */
		C3F2A4152898B93D00210348 /* PBXTargetDependency */ = {
			isa = PBXTargetDependency;
			target = C3F2A3FC2898B93700210348 /* Tip calculator */;
			targetProxy = C3F2A4142898B93D00210348 /* PBXContainerItemProxy */;
		};
		C3F2A41F2898B93D00210348 /* PBXTargetDependency */ = {
			isa = PBXTargetDependency;
			target = C3F2A3FC2898B93700210348 /* Tip calculator */;
			targetProxy = C3F2A41E2898B93D00210348 /* PBXContainerItemProxy */;
		};
/* End PBXTargetDependency section */

/* Begin PBXVariantGroup section */
		C3F2A4062898B93700210348 /* Main.storyboard */ = {
			isa = PBXVariantGroup;
			children = (
				C3F2A4072898B93700210348 /* Base */,
			);
			name = Main.storyboard;
			sourceTree = "<group>";
		};
		C3F2A40B2898B93D00210348 /* LaunchScreen.storyboard */ = {
			isa = PBXVariantGroup;
			children = (
				C3F2A40C2898B93D00210348 /* Base */,
			);
			name = LaunchScreen.storyboard;
			sourceTree = "<group>";
		};
/* End PBXVariantGroup section */

/* Begin XCBuildConfiguration section */
		C3F2A4252898B93D00210348 /* Debug */ = {
			isa = XCBuildConfiguration;
			buildSettings = {
				ALWAYS_SEARCH_USER_PATHS = NO;
				CLANG_ANALYZER_NONNULL = YES;
				CLANG_ANALYZER_NUMBER_OBJECT_CONVERSION = YES_AGGRESSIVE;
				CLANG_CXX_LANGUAGE_STANDARD = "gnu++17";
				CLANG_ENABLE_MODULES = YES;
				CLANG_ENABLE_OBJC_ARC = YES;
				CLANG_ENABLE_OBJC_WEAK = YES;
				CLANG_WARN_BLOCK_CAPTURE_AUTORELEASING = YES;
				CLANG_WARN_BOOL_CONVERSION = YES;
				CLANG_WARN_COMMA = YES;
				CLANG_WARN_CONSTANT_CONVERSION = YES;
				CLANG_WARN_DEPRECATED_OBJC_IMPLEMENTATIONS = YES;
				CLANG_WARN_DIRECT_OBJC_ISA_USAGE = YES_ERROR;
				CLANG_WARN_DOCUMENTATION_COMMENTS = YES;
				CLANG_WARN_EMPTY_BODY = YES;
				CLANG_WARN_ENUM_CONVERSION = YES;
				CLANG_WARN_INFINITE_RECURSION = YES;
				CLANG_WARN_INT_CONVERSION = YES;
				CLANG_WARN_NON_LITERAL_NULL_CONVERSION = YES;
				CLANG_WARN_OBJC_IMPLICIT_RETAIN_SELF = YES;
				CLANG_WARN_OBJC_LITERAL_CONVERSION = YES;
				CLANG_WARN_OBJC_ROOT_CLASS = YES_ERROR;
				CLANG_WARN_QUOTED_INCLUDE_IN_FRAMEWORK_HEADER = YES;
				CLANG_WARN_RANGE_LOOP_ANALYSIS = YES;
				CLANG_WARN_STRICT_PROTOTYPES = YES;
				CLANG_WARN_SUSPICIOUS_MOVE = YES;
				CLANG_WARN_UNGUARDED_AVAILABILITY = YES_AGGRESSIVE;
				CLANG_WARN_UNREACHABLE_CODE = YES;
				CLANG_WARN__DUPLICATE_METHOD_MATCH = YES;
				COPY_PHASE_STRIP = NO;
				DEBUG_INFORMATION_FORMAT = dwarf;
				ENABLE_STRICT_OBJC_MSGSEND = YES;
				ENABLE_TESTABILITY = YES;
				GCC_C_LANGUAGE_STANDARD = gnu11;
				GCC_DYNAMIC_NO_PIC = NO;
				GCC_NO_COMMON_BLOCKS = YES;
				GCC_OPTIMIZATION_LEVEL = 0;
				GCC_PREPROCESSOR_DEFINITIONS = (
					"DEBUG=1",
					"$(inherited)",
				);
				GCC_WARN_64_TO_32_BIT_CONVERSION = YES;
				GCC_WARN_ABOUT_RETURN_TYPE = YES_ERROR;
				GCC_WARN_UNDECLARED_SELECTOR = YES;
				GCC_WARN_UNINITIALIZED_AUTOS = YES_AGGRESSIVE;
				GCC_WARN_UNUSED_FUNCTION = YES;
				GCC_WARN_UNUSED_VARIABLE = YES;
				IPHONEOS_DEPLOYMENT_TARGET = 15.5;
				MTL_ENABLE_DEBUG_INFO = INCLUDE_SOURCE;
				MTL_FAST_MATH = YES;
				ONLY_ACTIVE_ARCH = YES;
				SDKROOT = iphoneos;
				SWIFT_ACTIVE_COMPILATION_CONDITIONS = DEBUG;
				SWIFT_OPTIMIZATION_LEVEL = "-Onone";
			};
			name = Debug;
		};
		C3F2A4262898B93D00210348 /* Release */ = {
			isa = XCBuildConfiguration;
			buildSettings = {
				ALWAYS_SEARCH_USER_PATHS = NO;
				CLANG_ANALYZER_NONNULL = YES;
				CLANG_ANALYZER_NUMBER_OBJECT_CONVERSION = YES_AGGRESSIVE;
				CLANG_CXX_LANGUAGE_STANDARD = "gnu++17";
				CLANG_ENABLE_MODULES = YES;
				CLANG_ENABLE_OBJC_ARC = YES;
				CLANG_ENABLE_OBJC_WEAK = YES;
				CLANG_WARN_BLOCK_CAPTURE_AUTORELEASING = YES;
				CLANG_WARN_BOOL_CONVERSION = YES;
				CLANG_WARN_COMMA = YES;
				CLANG_WARN_CONSTANT_CONVERSION = YES;
				CLANG_WARN_DEPRECATED_OBJC_IMPLEMENTATIONS = YES;
				CLANG_WARN_DIRECT_OBJC_ISA_USAGE = YES_ERROR;
				CLANG_WARN_DOCUMENTATION_COMMENTS = YES;
				CLANG_WARN_EMPTY_BODY = YES;
				CLANG_WARN_ENUM_CONVERSION = YES;
				CLANG_WARN_INFINITE_RECURSION = YES;
				CLANG_WARN_INT_CONVERSION = YES;
				CLANG_WARN_NON_LITERAL_NULL_CONVERSION = YES;
				CLANG_WARN_OBJC_IMPLICIT_RETAIN_SELF = YES;
				CLANG_WARN_OBJC_LITERAL_CONVERSION = YES;
				CLANG_WARN_OBJC_ROOT_CLASS = YES_ERROR;
				CLANG_WARN_QUOTED_INCLUDE_IN_FRAMEWORK_HEADER = YES;
				CLANG_WARN_RANGE_LOOP_ANALYSIS = YES;
				CLANG_WARN_STRICT_PROTOTYPES = YES;
				CLANG_WARN_SUSPICIOUS_MOVE = YES;
				CLANG_WARN_UNGUARDED_AVAILABILITY = YES_AGGRESSIVE;
				CLANG_WARN_UNREACHABLE_CODE = YES;
				CLANG_WARN__DUPLICATE_METHOD_MATCH = YES;
				COPY_PHASE_STRIP = NO;
				DEBUG_INFORMATION_FORMAT = "dwarf-with-dsym";
				ENABLE_NS_ASSERTIONS = NO;
				ENABLE_STRICT_OBJC_MSGSEND = YES;
				GCC_C_LANGUAGE_STANDARD = gnu11;
				GCC_NO_COMMON_BLOCKS = YES;
				GCC_WARN_64_TO_32_BIT_CONVERSION = YES;
				GCC_WARN_ABOUT_RETURN_TYPE = YES_ERROR;
				GCC_WARN_UNDECLARED_SELECTOR = YES;
				GCC_WARN_UNINITIALIZED_AUTOS = YES_AGGRESSIVE;
				GCC_WARN_UNUSED_FUNCTION = YES;
				GCC_WARN_UNUSED_VARIABLE = YES;
				IPHONEOS_DEPLOYMENT_TARGET = 15.5;
				MTL_ENABLE_DEBUG_INFO = NO;
				MTL_FAST_MATH = YES;
				SDKROOT = iphoneos;
				SWIFT_COMPILATION_MODE = wholemodule;
				SWIFT_OPTIMIZATION_LEVEL = "-O";
				VALIDATE_PRODUCT = YES;
			};
			name = Release;
		};
		C3F2A4282898B93D00210348 /* Debug */ = {
			isa = XCBuildConfiguration;
			buildSettings = {
				ASSETCATALOG_COMPILER_APPICON_NAME = AppIcon;
				ASSETCATALOG_COMPILER_GLOBAL_ACCENT_COLOR_NAME = AccentColor;
				CODE_SIGN_STYLE = Automatic;
				CURRENT_PROJECT_VERSION = 1;
				DEVELOPMENT_TEAM = K6VJ467ZFQ;
				GENERATE_INFOPLIST_FILE = YES;
				INFOPLIST_FILE = "Tip calculator/Info.plist";
				INFOPLIST_KEY_UIApplicationSupportsIndirectInputEvents = YES;
				INFOPLIST_KEY_UILaunchStoryboardName = LaunchScreen;
				INFOPLIST_KEY_UIMainStoryboardFile = Main;
				INFOPLIST_KEY_UISupportedInterfaceOrientations_iPad = "UIInterfaceOrientationPortrait UIInterfaceOrientationPortraitUpsideDown UIInterfaceOrientationLandscapeLeft UIInterfaceOrientationLandscapeRight";
				INFOPLIST_KEY_UISupportedInterfaceOrientations_iPhone = "UIInterfaceOrientationPortrait UIInterfaceOrientationLandscapeLeft UIInterfaceOrientationLandscapeRight";
				LD_RUNPATH_SEARCH_PATHS = (
					"$(inherited)",
					"@executable_path/Frameworks",
				);
				MARKETING_VERSION = 1.0;
				PRODUCT_BUNDLE_IDENTIFIER = "IOS.Tip-calculator";
				PRODUCT_NAME = "$(TARGET_NAME)";
				SWIFT_EMIT_LOC_STRINGS = YES;
				SWIFT_VERSION = 5.0;
				TARGETED_DEVICE_FAMILY = "1,2";
			};
			name = Debug;
		};
		C3F2A4292898B93D00210348 /* Release */ = {
			isa = XCBuildConfiguration;
			buildSettings = {
				ASSETCATALOG_COMPILER_APPICON_NAME = AppIcon;
				ASSETCATALOG_COMPILER_GLOBAL_ACCENT_COLOR_NAME = AccentColor;
				CODE_SIGN_STYLE = Automatic;
				CURRENT_PROJECT_VERSION = 1;
				DEVELOPMENT_TEAM = K6VJ467ZFQ;
				GENERATE_INFOPLIST_FILE = YES;
				INFOPLIST_FILE = "Tip calculator/Info.plist";
				INFOPLIST_KEY_UIApplicationSupportsIndirectInputEvents = YES;
				INFOPLIST_KEY_UILaunchStoryboardName = LaunchScreen;
				INFOPLIST_KEY_UIMainStoryboardFile = Main;
				INFOPLIST_KEY_UISupportedInterfaceOrientations_iPad = "UIInterfaceOrientationPortrait UIInterfaceOrientationPortraitUpsideDown UIInterfaceOrientationLandscapeLeft UIInterfaceOrientationLandscapeRight";
				INFOPLIST_KEY_UISupportedInterfaceOrientations_iPhone = "UIInterfaceOrientationPortrait UIInterfaceOrientationLandscapeLeft UIInterfaceOrientationLandscapeRight";
				LD_RUNPATH_SEARCH_PATHS = (
					"$(inherited)",
					"@executable_path/Frameworks",
				);
				MARKETING_VERSION = 1.0;
				PRODUCT_BUNDLE_IDENTIFIER = "IOS.Tip-calculator";
				PRODUCT_NAME = "$(TARGET_NAME)";
				SWIFT_EMIT_LOC_STRINGS = YES;
				SWIFT_VERSION = 5.0;
				TARGETED_DEVICE_FAMILY = "1,2";
			};
			name = Release;
		};
		C3F2A42B2898B93D00210348 /* Debug */ = {
			isa = XCBuildConfiguration;
			buildSettings = {
				ALWAYS_EMBED_SWIFT_STANDARD_LIBRARIES = YES;
				BUNDLE_LOADER = "$(TEST_HOST)";
				CODE_SIGN_STYLE = Automatic;
				CURRENT_PROJECT_VERSION = 1;
				GENERATE_INFOPLIST_FILE = YES;
				IPHONEOS_DEPLOYMENT_TARGET = 15.5;
				MARKETING_VERSION = 1.0;
				PRODUCT_BUNDLE_IDENTIFIER = "IOS.Tip-calculatorTests";
				PRODUCT_NAME = "$(TARGET_NAME)";
				SWIFT_EMIT_LOC_STRINGS = NO;
				SWIFT_VERSION = 5.0;
				TARGETED_DEVICE_FAMILY = "1,2";
				TEST_HOST = "$(BUILT_PRODUCTS_DIR)/Tip calculator.app/Tip calculator";
			};
			name = Debug;
		};
		C3F2A42C2898B93D00210348 /* Release */ = {
			isa = XCBuildConfiguration;
			buildSettings = {
				ALWAYS_EMBED_SWIFT_STANDARD_LIBRARIES = YES;
				BUNDLE_LOADER = "$(TEST_HOST)";
				CODE_SIGN_STYLE = Automatic;
				CURRENT_PROJECT_VERSION = 1;
				GENERATE_INFOPLIST_FILE = YES;
				IPHONEOS_DEPLOYMENT_TARGET = 15.5;
				MARKETING_VERSION = 1.0;
				PRODUCT_BUNDLE_IDENTIFIER = "IOS.Tip-calculatorTests";
				PRODUCT_NAME = "$(TARGET_NAME)";
				SWIFT_EMIT_LOC_STRINGS = NO;
				SWIFT_VERSION = 5.0;
				TARGETED_DEVICE_FAMILY = "1,2";
				TEST_HOST = "$(BUILT_PRODUCTS_DIR)/Tip calculator.app/Tip calculator";
			};
			name = Release;
		};
		C3F2A42E2898B93D00210348 /* Debug */ = {
			isa = XCBuildConfiguration;
			buildSettings = {
				ALWAYS_EMBED_SWIFT_STANDARD_LIBRARIES = YES;
				CODE_SIGN_STYLE = Automatic;
				CURRENT_PROJECT_VERSION = 1;
				GENERATE_INFOPLIST_FILE = YES;
				MARKETING_VERSION = 1.0;
				PRODUCT_BUNDLE_IDENTIFIER = "IOS.Tip-calculatorUITests";
				PRODUCT_NAME = "$(TARGET_NAME)";
				SWIFT_EMIT_LOC_STRINGS = NO;
				SWIFT_VERSION = 5.0;
				TARGETED_DEVICE_FAMILY = "1,2";
				TEST_TARGET_NAME = "Tip calculator";
			};
			name = Debug;
		};
		C3F2A42F2898B93D00210348 /* Release */ = {
			isa = XCBuildConfiguration;
			buildSettings = {
				ALWAYS_EMBED_SWIFT_STANDARD_LIBRARIES = YES;
				CODE_SIGN_STYLE = Automatic;
				CURRENT_PROJECT_VERSION = 1;
				GENERATE_INFOPLIST_FILE = YES;
				MARKETING_VERSION = 1.0;
				PRODUCT_BUNDLE_IDENTIFIER = "IOS.Tip-calculatorUITests";
				PRODUCT_NAME = "$(TARGET_NAME)";
				SWIFT_EMIT_LOC_STRINGS = NO;
				SWIFT_VERSION = 5.0;
				TARGETED_DEVICE_FAMILY = "1,2";
				TEST_TARGET_NAME = "Tip calculator";
			};
			name = Release;
		};
/* End XCBuildConfiguration section */

/* Begin XCConfigurationList section */
		C3F2A3F82898B93700210348 /* Build configuration list for PBXProject "Tip calculator" */ = {
			isa = XCConfigurationList;
			buildConfigurations = (
				C3F2A4252898B93D00210348 /* Debug */,
				C3F2A4262898B93D00210348 /* Release */,
			);
			defaultConfigurationIsVisible = 0;
			defaultConfigurationName = Release;
		};
		C3F2A4272898B93D00210348 /* Build configuration list for PBXNativeTarget "Tip calculator" */ = {
			isa = XCConfigurationList;
			buildConfigurations = (
				C3F2A4282898B93D00210348 /* Debug */,
				C3F2A4292898B93D00210348 /* Release */,
			);
			defaultConfigurationIsVisible = 0;
			defaultConfigurationName = Release;
		};
		C3F2A42A2898B93D00210348 /* Build configuration list for PBXNativeTarget "Tip calculatorTests" */ = {
			isa = XCConfigurationList;
			buildConfigurations = (
				C3F2A42B2898B93D00210348 /* Debug */,
				C3F2A42C2898B93D00210348 /* Release */,
			);
			defaultConfigurationIsVisible = 0;
			defaultConfigurationName = Release;
		};
		C3F2A42D2898B93D00210348 /* Build configuration list for PBXNativeTarget "Tip calculatorUITests" */ = {
			isa = XCConfigurationList;
			buildConfigurations = (
				C3F2A42E2898B93D00210348 /* Debug */,
				C3F2A42F2898B93D00210348 /* Release */,
			);
			defaultConfigurationIsVisible = 0;
			defaultConfigurationName = Release;
		};
/* End XCConfigurationList section */
	};
	rootObject = C3F2A3F52898B93700210348 /* Project object */;
}
